<?xml version="1.0" encoding="utf-8"?>
<Project ToolsVersion="4.0" xmlns="http://schemas.microsoft.com/developer/msbuild/2003">
  <ItemGroup>
    <ClCompile Include="png.c">
      <Filter>ソース ファイル</Filter>
    </ClCompile>
    <ClCompile Include="pngerror.c">
      <Filter>ソース ファイル</Filter>
    </ClCompile>
    <ClCompile Include="pngwtran.c">
      <Filter>ソース ファイル</Filter>
    </ClCompile>
    <ClCompile Include="pngget.c">
      <Filter>ソース ファイル</Filter>
    </ClCompile>
    <ClCompile Include="pngmem.c">
      <Filter>ソース ファイル</Filter>
    </ClCompile>
    <ClCompile Include="pngpread.c">
      <Filter>ソース ファイル</Filter>
    </ClCompile>
    <ClCompile Include="pngread.c">
      <Filter>ソース ファイル</Filter>
    </ClCompile>
    <ClCompile Include="pngrio.c">
      <Filter>ソース ファイル</Filter>
    </ClCompile>
    <ClCompile Include="pngrtran.c">
      <Filter>ソース ファイル</Filter>
    </ClCompile>
    <ClCompile Include="pngrutil.c">
      <Filter>ソース ファイル</Filter>
    </ClCompile>
    <ClCompile Include="pngset.c">
      <Filter>ソース ファイル</Filter>
    </ClCompile>
    <ClCompile Include="pngtrans.c">
      <Filter>ソース ファイル</Filter>
    </ClCompile>
    <ClCompile Include="pngwio.c">
      <Filter>ソース ファイル</Filter>
    </ClCompile>
    <ClCompile Include="pngwrite.c">
      <Filter>ソース ファイル</Filter>
    </ClCompile>
    <ClCompile Include="pngwutil.c">
      <Filter>ソース ファイル</Filter>
    </ClCompile>
  </ItemGroup>
  <ItemGroup>
    <ClInclude Include="png.h">
      <Filter>ヘッダー ファイル</Filter>
    </ClInclude>
    <ClInclude Include="pngconf.h">
      <Filter>ヘッダー ファイル</Filter>
    </ClInclude>
  </ItemGroup>
  <ItemGroup>
    <Filter Include="ソース ファイル">
      <UniqueIdentifier>{53ce3d91-73e4-428e-a625-a01a7b8eec00}</UniqueIdentifier>
    </Filter>
    <Filter Include="リソース ファイル">
      <UniqueIdentifier>{6d995a9f-dc8f-4037-b869-7d5ce3d64df5}</UniqueIdentifier>
    </Filter>
    <Filter Include="ヘッダー ファイル">
      <UniqueIdentifier>{1822414f-2024-4b26-ac8f-a947ebe63021}</UniqueIdentifier>
    </Filter>
  </ItemGroup>
</Project>