<?xml version="1.0" encoding="utf-8"?>
<Project ToolsVersion="4.0" xmlns="http://schemas.microsoft.com/developer/msbuild/2003">
  <ItemGroup>
    <ClCompile Include="libmng_callback_xs.c">
      <Filter>ソース ファイル</Filter>
    </ClCompile>
    <ClCompile Include="libmng_chunk_descr.c">
      <Filter>ソース ファイル</Filter>
    </ClCompile>
    <ClCompile Include="libmng_chunk_io.c">
      <Filter>ソース ファイル</Filter>
    </ClCompile>
    <ClCompile Include="libmng_chunk_prc.c">
      <Filter>ソース ファイル</Filter>
    </ClCompile>
    <ClCompile Include="libmng_chunk_xs.c">
      <Filter>ソース ファイル</Filter>
    </ClCompile>
    <ClCompile Include="libmng_cms.c">
      <Filter>ソース ファイル</Filter>
    </ClCompile>
    <ClCompile Include="libmng_display.c">
      <Filter>ソース ファイル</Filter>
    </ClCompile>
    <ClCompile Include="libmng_dither.c">
      <Filter>ソース ファイル</Filter>
    </ClCompile>
    <ClCompile Include="libmng_error.c">
      <Filter>ソース ファイル</Filter>
    </ClCompile>
    <ClCompile Include="libmng_filter.c">
      <Filter>ソース ファイル</Filter>
    </ClCompile>
    <ClCompile Include="libmng_hlapi.c">
      <Filter>ソース ファイル</Filter>
    </ClCompile>
    <ClCompile Include="libmng_jpeg.c">
      <Filter>ソース ファイル</Filter>
    </ClCompile>
    <ClCompile Include="libmng_object_prc.c">
      <Filter>ソース ファイル</Filter>
    </ClCompile>
    <ClCompile Include="libmng_pixels.c">
      <Filter>ソース ファイル</Filter>
    </ClCompile>
    <ClCompile Include="libmng_prop_xs.c">
      <Filter>ソース ファイル</Filter>
    </ClCompile>
    <ClCompile Include="libmng_read.c">
      <Filter>ソース ファイル</Filter>
    </ClCompile>
    <ClCompile Include="libmng_trace.c">
      <Filter>ソース ファイル</Filter>
    </ClCompile>
    <ClCompile Include="libmng_write.c">
      <Filter>ソース ファイル</Filter>
    </ClCompile>
    <ClCompile Include="libmng_zlib.c">
      <Filter>ソース ファイル</Filter>
    </ClCompile>
  </ItemGroup>
  <ItemGroup>
    <ClInclude Include="libmng.h">
      <Filter>ヘッダー ファイル</Filter>
    </ClInclude>
    <ClInclude Include="libmng_zlib.h">
      <Filter>ヘッダー ファイル</Filter>
    </ClInclude>
    <ClInclude Include="libmng_chunk_descr.h">
      <Filter>ヘッダー ファイル</Filter>
    </ClInclude>
    <ClInclude Include="libmng_chunk_io.h">
      <Filter>ヘッダー ファイル</Filter>
    </ClInclude>
    <ClInclude Include="libmng_chunk_prc.h">
      <Filter>ヘッダー ファイル</Filter>
    </ClInclude>
    <ClInclude Include="libmng_chunks.h">
      <Filter>ヘッダー ファイル</Filter>
    </ClInclude>
    <ClInclude Include="libmng_cms.h">
      <Filter>ヘッダー ファイル</Filter>
    </ClInclude>
    <ClInclude Include="libmng_conf.h">
      <Filter>ヘッダー ファイル</Filter>
    </ClInclude>
    <ClInclude Include="libmng_data.h">
      <Filter>ヘッダー ファイル</Filter>
    </ClInclude>
    <ClInclude Include="libmng_display.h">
      <Filter>ヘッダー ファイル</Filter>
    </ClInclude>
    <ClInclude Include="libmng_dither.h">
      <Filter>ヘッダー ファイル</Filter>
    </ClInclude>
    <ClInclude Include="libmng_error.h">
      <Filter>ヘッダー ファイル</Filter>
    </ClInclude>
    <ClInclude Include="libmng_filter.h">
      <Filter>ヘッダー ファイル</Filter>
    </ClInclude>
    <ClInclude Include="libmng_jpeg.h">
      <Filter>ヘッダー ファイル</Filter>
    </ClInclude>
    <ClInclude Include="libmng_memory.h">
      <Filter>ヘッダー ファイル</Filter>
    </ClInclude>
    <ClInclude Include="libmng_object_prc.h">
      <Filter>ヘッダー ファイル</Filter>
    </ClInclude>
    <ClInclude Include="libmng_objects.h">
      <Filter>ヘッダー ファイル</Filter>
    </ClInclude>
    <ClInclude Include="libmng_pixels.h">
      <Filter>ヘッダー ファイル</Filter>
    </ClInclude>
    <ClInclude Include="libmng_read.h">
      <Filter>ヘッダー ファイル</Filter>
    </ClInclude>
    <ClInclude Include="libmng_trace.h">
      <Filter>ヘッダー ファイル</Filter>
    </ClInclude>
    <ClInclude Include="libmng_types.h">
      <Filter>ヘッダー ファイル</Filter>
    </ClInclude>
    <ClInclude Include="libmng_write.h">
      <Filter>ヘッダー ファイル</Filter>
    </ClInclude>
  </ItemGroup>
  <ItemGroup>
    <Filter Include="ソース ファイル">
      <UniqueIdentifier>{0eb9e7af-3606-4548-9ff2-8f22725c217a}</UniqueIdentifier>
    </Filter>
    <Filter Include="リソース ファイル">
      <UniqueIdentifier>{1c046db5-d19e-4efd-9747-5340abdf5a25}</UniqueIdentifier>
    </Filter>
    <Filter Include="ヘッダー ファイル">
      <UniqueIdentifier>{2259eecd-c256-4ff4-b91a-66d9554761d2}</UniqueIdentifier>
    </Filter>
  </ItemGroup>
</Project>