<?xml version="1.0" encoding="utf-8"?>
<Project ToolsVersion="4.0" xmlns="http://schemas.microsoft.com/developer/msbuild/2003">
  <ItemGroup>
    <ClCompile Include="tif_aux.c">
      <Filter>ソース ファイル</Filter>
    </ClCompile>
    <ClCompile Include="tif_dir.c">
      <Filter>ソース ファイル</Filter>
    </ClCompile>
    <ClCompile Include="tif_close.c">
      <Filter>ソース ファイル</Filter>
    </ClCompile>
    <ClCompile Include="tif_codec.c">
      <Filter>ソース ファイル</Filter>
    </ClCompile>
    <ClCompile Include="tif_color.c">
      <Filter>ソース ファイル</Filter>
    </ClCompile>
    <ClCompile Include="tif_compress.c">
      <Filter>ソース ファイル</Filter>
    </ClCompile>
    <ClCompile Include="tif_dirinfo.c">
      <Filter>ソース ファイル</Filter>
    </ClCompile>
    <ClCompile Include="tif_fax3.c">
      <Filter>ソース ファイル</Filter>
    </ClCompile>
    <ClCompile Include="tif_dirread.c">
      <Filter>ソース ファイル</Filter>
    </ClCompile>
    <ClCompile Include="tif_dirwrite.c">
      <Filter>ソース ファイル</Filter>
    </ClCompile>
    <ClCompile Include="tif_dumpmode.c">
      <Filter>ソース ファイル</Filter>
    </ClCompile>
    <ClCompile Include="tif_error.c">
      <Filter>ソース ファイル</Filter>
    </ClCompile>
    <ClCompile Include="tif_fax3sm.c">
      <Filter>ソース ファイル</Filter>
    </ClCompile>
    <ClCompile Include="tif_predict.c">
      <Filter>ソース ファイル</Filter>
    </ClCompile>
    <ClCompile Include="tif_flush.c">
      <Filter>ソース ファイル</Filter>
    </ClCompile>
    <ClCompile Include="tif_getimage.c">
      <Filter>ソース ファイル</Filter>
    </ClCompile>
    <ClCompile Include="tif_jpeg.c">
      <Filter>ソース ファイル</Filter>
    </ClCompile>
    <ClCompile Include="tif_luv.c">
      <Filter>ソース ファイル</Filter>
    </ClCompile>
    <ClCompile Include="tif_lzw.c">
      <Filter>ソース ファイル</Filter>
    </ClCompile>
    <ClCompile Include="tif_next.c">
      <Filter>ソース ファイル</Filter>
    </ClCompile>
    <ClCompile Include="tif_ojpeg.c">
      <Filter>ソース ファイル</Filter>
    </ClCompile>
    <ClCompile Include="tif_open.c">
      <Filter>ソース ファイル</Filter>
    </ClCompile>
    <ClCompile Include="tif_packbits.c">
      <Filter>ソース ファイル</Filter>
    </ClCompile>
    <ClCompile Include="tif_pixarlog.c">
      <Filter>ソース ファイル</Filter>
    </ClCompile>
    <ClCompile Include="tif_print.c">
      <Filter>ソース ファイル</Filter>
    </ClCompile>
    <ClCompile Include="tif_zip.c">
      <Filter>ソース ファイル</Filter>
    </ClCompile>
    <ClCompile Include="tif_read.c">
      <Filter>ソース ファイル</Filter>
    </ClCompile>
    <ClCompile Include="tif_strip.c">
      <Filter>ソース ファイル</Filter>
    </ClCompile>
    <ClCompile Include="tif_swab.c">
      <Filter>ソース ファイル</Filter>
    </ClCompile>
    <ClCompile Include="tif_thunder.c">
      <Filter>ソース ファイル</Filter>
    </ClCompile>
    <ClCompile Include="tif_tile.c">
      <Filter>ソース ファイル</Filter>
    </ClCompile>
    <ClCompile Include="tif_version.c">
      <Filter>ソース ファイル</Filter>
    </ClCompile>
    <ClCompile Include="tif_warning.c">
      <Filter>ソース ファイル</Filter>
    </ClCompile>
    <ClCompile Include="tif_write.c">
      <Filter>ソース ファイル</Filter>
    </ClCompile>
  </ItemGroup>
  <ItemGroup>
    <ClInclude Include="t4.h">
      <Filter>ヘッダー ファイル</Filter>
    </ClInclude>
    <ClInclude Include="uvcode.h">
      <Filter>ヘッダー ファイル</Filter>
    </ClInclude>
    <ClInclude Include="tif_dir.h">
      <Filter>ヘッダー ファイル</Filter>
    </ClInclude>
    <ClInclude Include="tif_fax3.h">
      <Filter>ヘッダー ファイル</Filter>
    </ClInclude>
    <ClInclude Include="tif_predict.h">
      <Filter>ヘッダー ファイル</Filter>
    </ClInclude>
    <ClInclude Include="tiff.h">
      <Filter>ヘッダー ファイル</Filter>
    </ClInclude>
    <ClInclude Include="tiffconf.h">
      <Filter>ヘッダー ファイル</Filter>
    </ClInclude>
    <ClInclude Include="tiffio.h">
      <Filter>ヘッダー ファイル</Filter>
    </ClInclude>
    <ClInclude Include="tiffiop.h">
      <Filter>ヘッダー ファイル</Filter>
    </ClInclude>
  </ItemGroup>
  <ItemGroup>
    <Filter Include="ソース ファイル">
      <UniqueIdentifier>{dcb077eb-1299-42e7-b894-8e1fcf3efaba}</UniqueIdentifier>
    </Filter>
    <Filter Include="リソース ファイル">
      <UniqueIdentifier>{80370585-7f4e-4f48-ad46-d9c1d4aa6ca0}</UniqueIdentifier>
    </Filter>
    <Filter Include="ヘッダー ファイル">
      <UniqueIdentifier>{579bb1fb-d6ea-4ea2-8cf6-eb85ddd83c23}</UniqueIdentifier>
    </Filter>
  </ItemGroup>
</Project>