<?xml version="1.0" encoding="utf-8"?>
<Project ToolsVersion="4.0" xmlns="http://schemas.microsoft.com/developer/msbuild/2003">
  <ItemGroup>
    <ClCompile Include="adler32.c">
      <Filter>ソース ファイル</Filter>
    </ClCompile>
    <ClCompile Include="crc32.c">
      <Filter>ソース ファイル</Filter>
    </ClCompile>
    <ClCompile Include="compress.c">
      <Filter>ソース ファイル</Filter>
    </ClCompile>
    <ClCompile Include="deflate.c">
      <Filter>ソース ファイル</Filter>
    </ClCompile>
    <ClCompile Include="infback.c">
      <Filter>ソース ファイル</Filter>
    </ClCompile>
    <ClCompile Include="inffast.c">
      <Filter>ソース ファイル</Filter>
    </ClCompile>
    <ClCompile Include="inflate.c">
      <Filter>ソース ファイル</Filter>
    </ClCompile>
    <ClCompile Include="inftrees.c">
      <Filter>ソース ファイル</Filter>
    </ClCompile>
    <ClCompile Include="trees.c">
      <Filter>ソース ファイル</Filter>
    </ClCompile>
    <ClCompile Include="uncompr.c">
      <Filter>ソース ファイル</Filter>
    </ClCompile>
    <ClCompile Include="zutil.c">
      <Filter>ソース ファイル</Filter>
    </ClCompile>
  </ItemGroup>
  <ItemGroup>
    <ClInclude Include="crc32.h">
      <Filter>ヘッダー ファイル</Filter>
    </ClInclude>
    <ClInclude Include="zutil.h">
      <Filter>ヘッダー ファイル</Filter>
    </ClInclude>
    <ClInclude Include="deflate.h">
      <Filter>ヘッダー ファイル</Filter>
    </ClInclude>
    <ClInclude Include="inffast.h">
      <Filter>ヘッダー ファイル</Filter>
    </ClInclude>
    <ClInclude Include="inffixed.h">
      <Filter>ヘッダー ファイル</Filter>
    </ClInclude>
    <ClInclude Include="inflate.h">
      <Filter>ヘッダー ファイル</Filter>
    </ClInclude>
    <ClInclude Include="inftrees.h">
      <Filter>ヘッダー ファイル</Filter>
    </ClInclude>
    <ClInclude Include="trees.h">
      <Filter>ヘッダー ファイル</Filter>
    </ClInclude>
    <ClInclude Include="zconf.h">
      <Filter>ヘッダー ファイル</Filter>
    </ClInclude>
    <ClInclude Include="zlib.h">
      <Filter>ヘッダー ファイル</Filter>
    </ClInclude>
  </ItemGroup>
  <ItemGroup>
    <Filter Include="ソース ファイル">
      <UniqueIdentifier>{fff98813-16a2-49df-8c47-4888d187bedd}</UniqueIdentifier>
    </Filter>
    <Filter Include="リソース ファイル">
      <UniqueIdentifier>{55fc3684-8603-4a9c-b8d4-fd665394aa45}</UniqueIdentifier>
    </Filter>
    <Filter Include="ヘッダー ファイル">
      <UniqueIdentifier>{da6848cb-3ea5-4898-a8c5-8afc2743da56}</UniqueIdentifier>
    </Filter>
  </ItemGroup>
</Project>